
Microsoft Visual Studio Solution File, Format Version 12.00
# Visual Studio Version 17
VisualStudioVersion = 17.11.35219.272
MinimumVisualStudioVersion = 10.0.40219.1
Project("{FAE04EC0-301F-11D3-BF4B-00C04F79EFBC}") = "FiguraGeometrica refactoring LSP", "FiguraGeometrica refactoring LSP\FiguraGeometrica refactoring LSP.csproj", "{36A45AA9-A14A-4FA6-B3FC-88AF8BF49F5B}"
EndProject
Global
	GlobalSection(SolutionConfigurationPlatforms) = preSolution
		Debug|Any CPU = Debug|Any CPU
		Release|Any CPU = Release|Any CPU
	EndGlobalSection
	GlobalSection(ProjectConfigurationPlatforms) = postSolution
		{36A45AA9-A14A-4FA6-B3FC-88AF8BF49F5B}.Debug|Any CPU.ActiveCfg = Debug|Any CPU
		{36A45AA9-A14A-4FA6-B3FC-88AF8BF49F5B}.Debug|Any CPU.Build.0 = Debug|Any CPU
		{36A45AA9-A14A-4FA6-B3FC-88AF8BF49F5B}.Release|Any CPU.ActiveCfg = Release|Any CPU
		{36A45AA9-A14A-4FA6-B3FC-88AF8BF49F5B}.Release|Any CPU.Build.0 = Release|Any CPU
	EndGlobalSection
	GlobalSection(SolutionProperties) = preSolution
		HideSolutionNode = FALSE
	EndGlobalSection
	GlobalSection(ExtensibilityGlobals) = postSolution
		SolutionGuid = {084E908A-6636-4E12-89E2-CFFF70BEA74E}
	EndGlobalSection
EndGlobal
